
Microsoft Visual Studio Solution File, Format Version 12.00
Project("{FAE04EC0-301F-11D3-BF4B-00C04F79EFBC}") = "Crud", "Crud\Crud.csproj", "{01DE41B9-2F78-4F20-AB6D-3585366E286D}"
EndProject
Global
	GlobalSection(SolutionConfigurationPlatforms) = preSolution
		Debug|Any CPU = Debug|Any CPU
		Release|Any CPU = Release|Any CPU
	EndGlobalSection
	GlobalSection(ProjectConfigurationPlatforms) = postSolution
		{01DE41B9-2F78-4F20-AB6D-3585366E286D}.Debug|Any CPU.ActiveCfg = Debug|Any CPU
		{01DE41B9-2F78-4F20-AB6D-3585366E286D}.Debug|Any CPU.Build.0 = Debug|Any CPU
		{01DE41B9-2F78-4F20-AB6D-3585366E286D}.Release|Any CPU.ActiveCfg = Release|Any CPU
		{01DE41B9-2F78-4F20-AB6D-3585366E286D}.Release|Any CPU.Build.0 = Release|Any CPU
	EndGlobalSection
EndGlobal
